// !$*UTF8*$!
{
	archiveVersion = 1;
	classes = {
	};
	objectVersion = 50;
	objects = {

/* Begin PBXBuildFile section */
		AEAEA15F05D8FFC671C08CD9 /* Pods_MapBoxSwift.framework in Frameworks */ = {isa = PBXBuildFile; fileRef = 7061C80C0553BEA563A040B7 /* Pods_MapBoxSwift.framework */; };
		D3516CFC2191BD4E007A6624 /* AppDelegate.swift in Sources */ = {isa = PBXBuildFile; fileRef = D3516CFB2191BD4E007A6624 /* AppDelegate.swift */; };
		D3516CFE2191BD4E007A6624 /* ViewController.swift in Sources */ = {isa = PBXBuildFile; fileRef = D3516CFD2191BD4E007A6624 /* ViewController.swift */; };
		D3516D012191BD4E007A6624 /* Main.storyboard in Resources */ = {isa = PBXBuildFile; fileRef = D3516CFF2191BD4E007A6624 /* Main.storyboard */; };
		D3516D032191BD50007A6624 /* Assets.xcassets in Resources */ = {isa = PBXBuildFile; fileRef = D3516D022191BD50007A6624 /* Assets.xcassets */; };
		D3516D062191BD50007A6624 /* LaunchScreen.storyboard in Resources */ = {isa = PBXBuildFile; fileRef = D3516D042191BD50007A6624 /* LaunchScreen.storyboard */; };
/* End PBXBuildFile section */

/* Begin PBXFileReference section */
		7061C80C0553BEA563A040B7 /* Pods_MapBoxSwift.framework */ = {isa = PBXFileReference; explicitFileType = wrapper.framework; includeInIndex = 0; path = Pods_MapBoxSwift.framework; sourceTree = BUILT_PRODUCTS_DIR; };
		A5487C77464E877E3396B572 /* Pods-MapBoxSwift.release.xcconfig */ = {isa = PBXFileReference; includeInIndex = 1; lastKnownFileType = text.xcconfig; name = "Pods-MapBoxSwift.release.xcconfig"; path = "Pods/Target Support Files/Pods-MapBoxSwift/Pods-MapBoxSwift.release.xcconfig"; sourceTree = "<group>"; };
		AB9AF36660889E14FE0D41F8 /* Pods-MapBoxSwift.debug.xcconfig */ = {isa = PBXFileReference; includeInIndex = 1; lastKnownFileType = text.xcconfig; name = "Pods-MapBoxSwift.debug.xcconfig"; path = "Pods/Target Support Files/Pods-MapBoxSwift/Pods-MapBoxSwift.debug.xcconfig"; sourceTree = "<group>"; };
		D3516CF82191BD4E007A6624 /* MapBoxSwift.app */ = {isa = PBXFileReference; explicitFileType = wrapper.application; includeInIndex = 0; path = MapBoxSwift.app; sourceTree = BUILT_PRODUCTS_DIR; };
		D3516CFB2191BD4E007A6624 /* AppDelegate.swift */ = {isa = PBXFileReference; lastKnownFileType = sourcecode.swift; path = AppDelegate.swift; sourceTree = "<group>"; };
		D3516CFD2191BD4E007A6624 /* ViewController.swift */ = {isa = PBXFileReference; lastKnownFileType = sourcecode.swift; path = ViewController.swift; sourceTree = "<group>"; };
		D3516D002191BD4E007A6624 /* Base */ = {isa = PBXFileReference; lastKnownFileType = file.storyboard; name = Base; path = Base.lproj/Main.storyboard; sourceTree = "<group>"; };
		D3516D022191BD50007A6624 /* Assets.xcassets */ = {isa = PBXFileReference; lastKnownFileType = folder.assetcatalog; path = Assets.xcassets; sourceTree = "<group>"; };
		D3516D052191BD50007A6624 /* Base */ = {isa = PBXFileReference; lastKnownFileType = file.storyboard; name = Base; path = Base.lproj/LaunchScreen.storyboard; sourceTree = "<group>"; };
		D3516D072191BD50007A6624 /* Info.plist */ = {isa = PBXFileReference; lastKnownFileType = text.plist.xml; path = Info.plist; sourceTree = "<group>"; };
/* End PBXFileReference section */

/* Begin PBXFrameworksBuildPhase section */
		D3516CF52191BD4E007A6624 /* Frameworks */ = {
			isa = PBXFrameworksBuildPhase;
			buildActionMask = 2147483647;
			files = (
				AEAEA15F05D8FFC671C08CD9 /* Pods_MapBoxSwift.framework in Frameworks */,
			);
			runOnlyForDeploymentPostprocessing = 0;
		};
/* End PBXFrameworksBuildPhase section */

/* Begin PBXGroup section */
		387FD4A8EF1B093882F24688 /* Pods */ = {
			isa = PBXGroup;
			children = (
				AB9AF36660889E14FE0D41F8 /* Pods-MapBoxSwift.debug.xcconfig */,
				A5487C77464E877E3396B572 /* Pods-MapBoxSwift.release.xcconfig */,
			);
			name = Pods;
			sourceTree = "<group>";
		};
		CEE30F5E3986D6C2026E62EB /* Frameworks */ = {
			isa = PBXGroup;
			children = (
				7061C80C0553BEA563A040B7 /* Pods_MapBoxSwift.framework */,
			);
			name = Frameworks;
			sourceTree = "<group>";
		};
		D3516CEF2191BD4E007A6624 = {
			isa = PBXGroup;
			children = (
				D3516CFA2191BD4E007A6624 /* MapBoxSwift */,
				D3516CF92191BD4E007A6624 /* Products */,
				387FD4A8EF1B093882F24688 /* Pods */,
				CEE30F5E3986D6C2026E62EB /* Frameworks */,
			);
			sourceTree = "<group>";
		};
		D3516CF92191BD4E007A6624 /* Products */ = {
			isa = PBXGroup;
			children = (
				D3516CF82191BD4E007A6624 /* MapBoxSwift.app */,
			);
			name = Products;
			sourceTree = "<group>";
		};
		D3516CFA2191BD4E007A6624 /* MapBoxSwift */ = {
			isa = PBXGroup;
			children = (
				D3516CFB2191BD4E007A6624 /* AppDelegate.swift */,
				D3516CFD2191BD4E007A6624 /* ViewController.swift */,
				D3516CFF2191BD4E007A6624 /* Main.storyboard */,
				D3516D022191BD50007A6624 /* Assets.xcassets */,
				D3516D042191BD50007A6624 /* LaunchScreen.storyboard */,
				D3516D072191BD50007A6624 /* Info.plist */,
			);
			path = MapBoxSwift;
			sourceTree = "<group>";
		};
/* End PBXGroup section */

/* Begin PBXNativeTarget section */
		D3516CF72191BD4E007A6624 /* MapBoxSwift */ = {
			isa = PBXNativeTarget;
			buildConfigurationList = D3516D0A2191BD50007A6624 /* Build configuration list for PBXNativeTarget "MapBoxSwift" */;
			buildPhases = (
				16332EDFE042B97F8E80EC57 /* [CP] Check Pods Manifest.lock */,
				D3516CF42191BD4E007A6624 /* Sources */,
				D3516CF52191BD4E007A6624 /* Frameworks */,
				D3516CF62191BD4E007A6624 /* Resources */,
				A81B284F64B27B35B15AEDB5 /* [CP] Embed Pods Frameworks */,
			);
			buildRules = (
			);
			dependencies = (
			);
			name = MapBoxSwift;
			productName = MapBoxSwift;
			productReference = D3516CF82191BD4E007A6624 /* MapBoxSwift.app */;
			productType = "com.apple.product-type.application";
		};
/* End PBXNativeTarget section */

/* Begin PBXProject section */
		D3516CF02191BD4E007A6624 /* Project object */ = {
			isa = PBXProject;
			attributes = {
				LastSwiftUpdateCheck = 1010;
				LastUpgradeCheck = 1010;
				ORGANIZATIONNAME = "Larry Lo";
				TargetAttributes = {
					D3516CF72191BD4E007A6624 = {
						CreatedOnToolsVersion = 10.1;
					};
				};
			};
			buildConfigurationList = D3516CF32191BD4E007A6624 /* Build configuration list for PBXProject "MapBoxSwift" */;
			compatibilityVersion = "Xcode 9.3";
			developmentRegion = en;
			hasScannedForEncodings = 0;
			knownRegions = (
				en,
				Base,
			);
			mainGroup = D3516CEF2191BD4E007A6624;
			productRefGroup = D3516CF92191BD4E007A6624 /* Products */;
			projectDirPath = "";
			projectRoot = "";
			targets = (
				D3516CF72191BD4E007A6624 /* MapBoxSwift */,
			);
		};
/* End PBXProject section */

/* Begin PBXResourcesBuildPhase section */
		D3516CF62191BD4E007A6624 /* Resources */ = {
			isa = PBXResourcesBuildPhase;
			buildActionMask = 2147483647;
			files = (
				D3516D062191BD50007A6624 /* LaunchScreen.storyboard in Resources */,
				D3516D032191BD50007A6624 /* Assets.xcassets in Resources */,
				D3516D012191BD4E007A6624 /* Main.storyboard in Resources */,
			);
			runOnlyForDeploymentPostprocessing = 0;
		};
/* End PBXResourcesBuildPhase section */

/* Begin PBXShellScriptBuildPhase section */
		16332EDFE042B97F8E80EC57 /* [CP] Check Pods Manifest.lock */ = {
			isa = PBXShellScriptBuildPhase;
			buildActionMask = 2147483647;
			files = (
			);
			inputPaths = (
				"${PODS_PODFILE_DIR_PATH}/Podfile.lock",
				"${PODS_ROOT}/Manifest.lock",
			);
			name = "[CP] Check Pods Manifest.lock";
			outputPaths = (
				"$(DERIVED_FILE_DIR)/Pods-MapBoxSwift-checkManifestLockResult.txt",
			);
			runOnlyForDeploymentPostprocessing = 0;
			shellPath = /bin/sh;
			shellScript = "diff \"${PODS_PODFILE_DIR_PATH}/Podfile.lock\" \"${PODS_ROOT}/Manifest.lock\" > /dev/null\nif [ $? != 0 ] ; then\n    # print error to STDERR\n    echo \"error: The sandbox is not in sync with the Podfile.lock. Run 'pod install' or update your CocoaPods installation.\" >&2\n    exit 1\nfi\n# This output is used by Xcode 'outputs' to avoid re-running this script phase.\necho \"SUCCESS\" > \"${SCRIPT_OUTPUT_FILE_0}\"\n";
			showEnvVarsInLog = 0;
		};
		A81B284F64B27B35B15AEDB5 /* [CP] Embed Pods Frameworks */ = {
			isa = PBXShellScriptBuildPhase;
			buildActionMask = 2147483647;
			files = (
			);
			inputPaths = (
				"${SRCROOT}/Pods/Target Support Files/Pods-MapBoxSwift/Pods-MapBoxSwift-frameworks.sh",
				"${BUILT_PRODUCTS_DIR}/AFNetworking/AFNetworking.framework",
				"${PODS_ROOT}/Mapbox-iOS-SDK/dynamic/Mapbox.framework",
				"${PODS_ROOT}/Mapbox-iOS-SDK/dynamic/Mapbox.framework.dSYM",
			);
			name = "[CP] Embed Pods Frameworks";
			outputPaths = (
				"${TARGET_BUILD_DIR}/${FRAMEWORKS_FOLDER_PATH}/AFNetworking.framework",
				"${TARGET_BUILD_DIR}/${FRAMEWORKS_FOLDER_PATH}/Mapbox.framework",
				"${DWARF_DSYM_FOLDER_PATH}/Mapbox.framework.dSYM",
			);
			runOnlyForDeploymentPostprocessing = 0;
			shellPath = /bin/sh;
			shellScript = "\"${SRCROOT}/Pods/Target Support Files/Pods-MapBoxSwift/Pods-MapBoxSwift-frameworks.sh\"\n";
			showEnvVarsInLog = 0;
		};
/* End PBXShellScriptBuildPhase section */

/* Begin PBXSourcesBuildPhase section */
		D3516CF42191BD4E007A6624 /* Sources */ = {
			isa = PBXSourcesBuildPhase;
			buildActionMask = 2147483647;
			files = (
				D3516CFE2191BD4E007A6624 /* ViewController.swift in Sources */,
				D3516CFC2191BD4E007A6624 /* AppDelegate.swift in Sources */,
			);
			runOnlyForDeploymentPostprocessing = 0;
		};
/* End PBXSourcesBuildPhase section */

/* Begin PBXVariantGroup section */
		D3516CFF2191BD4E007A6624 /* Main.storyboard */ = {
			isa = PBXVariantGroup;
			children = (
				D3516D002191BD4E007A6624 /* Base */,
			);
			name = Main.storyboard;
			sourceTree = "<group>";
		};
		D3516D042191BD50007A6624 /* LaunchScreen.storyboard */ = {
			isa = PBXVariantGroup;
			children = (
				D3516D052191BD50007A6624 /* Base */,
			);
			name = LaunchScreen.storyboard;
			sourceTree = "<group>";
		};
/* End PBXVariantGroup section */

/* Begin XCBuildConfiguration section */
		D3516D082191BD50007A6624 /* Debug */ = {
			isa = XCBuildConfiguration;
			buildSettings = {
				ALWAYS_SEARCH_USER_PATHS = NO;
				CLANG_ANALYZER_NONNULL = YES;
				CLANG_ANALYZER_NUMBER_OBJECT_CONVERSION = YES_AGGRESSIVE;
				CLANG_CXX_LANGUAGE_STANDARD = "gnu++14";
				CLANG_CXX_LIBRARY = "libc++";
				CLANG_ENABLE_MODULES = YES;
				CLANG_ENABLE_OBJC_ARC = YES;
				CLANG_ENABLE_OBJC_WEAK = YES;
				CLANG_WARN_BLOCK_CAPTURE_AUTORELEASING = YES;
				CLANG_WARN_BOOL_CONVERSION = YES;
				CLANG_WARN_COMMA = YES;
				CLANG_WARN_CONSTANT_CONVERSION = YES;
				CLANG_WARN_DEPRECATED_OBJC_IMPLEMENTATIONS = YES;
				CLANG_WARN_DIRECT_OBJC_ISA_USAGE = YES_ERROR;
				CLANG_WARN_DOCUMENTATION_COMMENTS = YES;
				CLANG_WARN_EMPTY_BODY = YES;
				CLANG_WARN_ENUM_CONVERSION = YES;
				CLANG_WARN_INFINITE_RECURSION = YES;
				CLANG_WARN_INT_CONVERSION = YES;
				CLANG_WARN_NON_LITERAL_NULL_CONVERSION = YES;
				CLANG_WARN_OBJC_IMPLICIT_RETAIN_SELF = YES;
				CLANG_WARN_OBJC_LITERAL_CONVERSION = YES;
				CLANG_WARN_OBJC_ROOT_CLASS = YES_ERROR;
				CLANG_WARN_RANGE_LOOP_ANALYSIS = YES;
				CLANG_WARN_STRICT_PROTOTYPES = YES;
				CLANG_WARN_SUSPICIOUS_MOVE = YES;
				CLANG_WARN_UNGUARDED_AVAILABILITY = YES_AGGRESSIVE;
				CLANG_WARN_UNREACHABLE_CODE = YES;
				CLANG_WARN__DUPLICATE_METHOD_MATCH = YES;
				CODE_SIGN_IDENTITY = "iPhone Developer";
				COPY_PHASE_STRIP = NO;
				DEBUG_INFORMATION_FORMAT = dwarf;
				ENABLE_STRICT_OBJC_MSGSEND = YES;
				ENABLE_TESTABILITY = YES;
				GCC_C_LANGUAGE_STANDARD = gnu11;
				GCC_DYNAMIC_NO_PIC = NO;
				GCC_NO_COMMON_BLOCKS = YES;
				GCC_OPTIMIZATION_LEVEL = 0;
				GCC_PREPROCESSOR_DEFINITIONS = (
					"DEBUG=1",
					"$(inherited)",
				);
				GCC_WARN_64_TO_32_BIT_CONVERSION = YES;
				GCC_WARN_ABOUT_RETURN_TYPE = YES_ERROR;
				GCC_WARN_UNDECLARED_SELECTOR = YES;
				GCC_WARN_UNINITIALIZED_AUTOS = YES_AGGRESSIVE;
				GCC_WARN_UNUSED_FUNCTION = YES;
				GCC_WARN_UNUSED_VARIABLE = YES;
				IPHONEOS_DEPLOYMENT_TARGET = 12.1;
				MTL_ENABLE_DEBUG_INFO = INCLUDE_SOURCE;
				MTL_FAST_MATH = YES;
				ONLY_ACTIVE_ARCH = YES;
				SDKROOT = iphoneos;
				SWIFT_ACTIVE_COMPILATION_CONDITIONS = DEBUG;
				SWIFT_OPTIMIZATION_LEVEL = "-Onone";
			};
			name = Debug;
		};
		D3516D092191BD50007A6624 /* Release */ = {
			isa = XCBuildConfiguration;
			buildSettings = {
				ALWAYS_SEARCH_USER_PATHS = NO;
				CLANG_ANALYZER_NONNULL = YES;
				CLANG_ANALYZER_NUMBER_OBJECT_CONVERSION = YES_AGGRESSIVE;
				CLANG_CXX_LANGUAGE_STANDARD = "gnu++14";
				CLANG_CXX_LIBRARY = "libc++";
				CLANG_ENABLE_MODULES = YES;
				CLANG_ENABLE_OBJC_ARC = YES;
				CLANG_ENABLE_OBJC_WEAK = YES;
				CLANG_WARN_BLOCK_CAPTURE_AUTORELEASING = YES;
				CLANG_WARN_BOOL_CONVERSION = YES;
				CLANG_WARN_COMMA = YES;
				CLANG_WARN_CONSTANT_CONVERSION = YES;
				CLANG_WARN_DEPRECATED_OBJC_IMPLEMENTATIONS = YES;
				CLANG_WARN_DIRECT_OBJC_ISA_USAGE = YES_ERROR;
				CLANG_WARN_DOCUMENTATION_COMMENTS = YES;
				CLANG_WARN_EMPTY_BODY = YES;
				CLANG_WARN_ENUM_CONVERSION = YES;
				CLANG_WARN_INFINITE_RECURSION = YES;
				CLANG_WARN_INT_CONVERSION = YES;
				CLANG_WARN_NON_LITERAL_NULL_CONVERSION = YES;
				CLANG_WARN_OBJC_IMPLICIT_RETAIN_SELF = YES;
				CLANG_WARN_OBJC_LITERAL_CONVERSION = YES;
				CLANG_WARN_OBJC_ROOT_CLASS = YES_ERROR;
				CLANG_WARN_RANGE_LOOP_ANALYSIS = YES;
				CLANG_WARN_STRICT_PROTOTYPES = YES;
				CLANG_WARN_SUSPICIOUS_MOVE = YES;
				CLANG_WARN_UNGUARDED_AVAILABILITY = YES_AGGRESSIVE;
				CLANG_WARN_UNREACHABLE_CODE = YES;
				CLANG_WARN__DUPLICATE_METHOD_MATCH = YES;
				CODE_SIGN_IDENTITY = "iPhone Developer";
				COPY_PHASE_STRIP = NO;
				DEBUG_INFORMATION_FORMAT = "dwarf-with-dsym";
				ENABLE_NS_ASSERTIONS = NO;
				ENABLE_STRICT_OBJC_MSGSEND = YES;
				GCC_C_LANGUAGE_STANDARD = gnu11;
				GCC_NO_COMMON_BLOCKS = YES;
				GCC_WARN_64_TO_32_BIT_CONVERSION = YES;
				GCC_WARN_ABOUT_RETURN_TYPE = YES_ERROR;
				GCC_WARN_UNDECLARED_SELECTOR = YES;
				GCC_WARN_UNINITIALIZED_AUTOS = YES_AGGRESSIVE;
				GCC_WARN_UNUSED_FUNCTION = YES;
				GCC_WARN_UNUSED_VARIABLE = YES;
				IPHONEOS_DEPLOYMENT_TARGET = 12.1;
				MTL_ENABLE_DEBUG_INFO = NO;
				MTL_FAST_MATH = YES;
				SDKROOT = iphoneos;
				SWIFT_COMPILATION_MODE = wholemodule;
				SWIFT_OPTIMIZATION_LEVEL = "-O";
				VALIDATE_PRODUCT = YES;
			};
			name = Release;
		};
		D3516D0B2191BD50007A6624 /* Debug */ = {
			isa = XCBuildConfiguration;
			baseConfigurationReference = AB9AF36660889E14FE0D41F8 /* Pods-MapBoxSwift.debug.xcconfig */;
			buildSettings = {
				ASSETCATALOG_COMPILER_APPICON_NAME = AppIcon;
				CODE_SIGN_STYLE = Automatic;
				DEVELOPMENT_TEAM = K38HZR6DV3;
				INFOPLIST_FILE = MapBoxSwift/Info.plist;
				LD_RUNPATH_SEARCH_PATHS = (
					"$(inherited)",
					"@executable_path/Frameworks",
				);
				PRODUCT_BUNDLE_IDENTIFIER = com.larry.MapBoxSwift;
				PRODUCT_NAME = "$(TARGET_NAME)";
				SWIFT_VERSION = 4.2;
				TARGETED_DEVICE_FAMILY = "1,2";
			};
			name = Debug;
		};
		D3516D0C2191BD50007A6624 /* Release */ = {
			isa = XCBuildConfiguration;
			baseConfigurationReference = A5487C77464E877E3396B572 /* Pods-MapBoxSwift.release.xcconfig */;
			buildSettings = {
				ASSETCATALOG_COMPILER_APPICON_NAME = AppIcon;
				CODE_SIGN_STYLE = Automatic;
				DEVELOPMENT_TEAM = K38HZR6DV3;
				INFOPLIST_FILE = MapBoxSwift/Info.plist;
				LD_RUNPATH_SEARCH_PATHS = (
					"$(inherited)",
					"@executable_path/Frameworks",
				);
				PRODUCT_BUNDLE_IDENTIFIER = com.larry.MapBoxSwift;
				PRODUCT_NAME = "$(TARGET_NAME)";
				SWIFT_VERSION = 4.2;
				TARGETED_DEVICE_FAMILY = "1,2";
			};
			name = Release;
		};
/* End XCBuildConfiguration section */

/* Begin XCConfigurationList section */
		D3516CF32191BD4E007A6624 /* Build configuration list for PBXProject "MapBoxSwift" */ = {
			isa = XCConfigurationList;
			buildConfigurations = (
				D3516D082191BD50007A6624 /* Debug */,
				D3516D092191BD50007A6624 /* Release */,
			);
			defaultConfigurationIsVisible = 0;
			defaultConfigurationName = Release;
		};
		D3516D0A2191BD50007A6624 /* Build configuration list for PBXNativeTarget "MapBoxSwift" */ = {
			isa = XCConfigurationList;
			buildConfigurations = (
				D3516D0B2191BD50007A6624 /* Debug */,
				D3516D0C2191BD50007A6624 /* Release */,
			);
			defaultConfigurationIsVisible = 0;
			defaultConfigurationName = Release;
		};
/* End XCConfigurationList section */
	};
	rootObject = D3516CF02191BD4E007A6624 /* Project object */;
}
